
Microsoft Visual Studio Solution File, Format Version 12.00
# Visual Studio Version 17
VisualStudioVersion = 17.2.32505.173
MinimumVisualStudioVersion = 10.0.40219.1
Project("{FAE04EC0-301F-11D3-BF4B-00C04F79EFBC}") = "DepartmentMocker", "DepartmentMocker\DepartmentMocker.csproj", "{D20F01EF-A589-446F-9BCD-02B6B421878F}"
EndProject
Global
	GlobalSection(SolutionConfigurationPlatforms) = preSolution
		Debug|Any CPU = Debug|Any CPU
		Release|Any CPU = Release|Any CPU
	EndGlobalSection
	GlobalSection(ProjectConfigurationPlatforms) = postSolution
		{D20F01EF-A589-446F-9BCD-02B6B421878F}.Debug|Any CPU.ActiveCfg = Debug|Any CPU
		{D20F01EF-A589-446F-9BCD-02B6B421878F}.Debug|Any CPU.Build.0 = Debug|Any CPU
		{D20F01EF-A589-446F-9BCD-02B6B421878F}.Release|Any CPU.ActiveCfg = Release|Any CPU
		{D20F01EF-A589-446F-9BCD-02B6B421878F}.Release|Any CPU.Build.0 = Release|Any CPU
	EndGlobalSection
	GlobalSection(SolutionProperties) = preSolution
		HideSolutionNode = FALSE
	EndGlobalSection
	GlobalSection(ExtensibilityGlobals) = postSolution
		SolutionGuid = {BD96F097-A478-4B37-97FB-8B1E43756C2D}
	EndGlobalSection
EndGlobal
